// !$*UTF8*$!
{
	archiveVersion = 1;
	classes = {
	};
	objectVersion = 56;
	objects = {

/* Begin PBXBuildFile section */
		20F0C2302B2EC3296053E78E /* Pods_Nodal.framework in Frameworks */ = {isa = PBXBuildFile; fileRef = EC0C94EBD30B53D32016A28F /* Pods_Nodal.framework */; };
		702DD2282B62E2BA00F58C85 /* NavigationCoordinator.swift in Sources */ = {isa = PBXBuildFile; fileRef = 702DD2272B62E2BA00F58C85 /* NavigationCoordinator.swift */; };
		705B34AC2B5CF41C009D4292 /* Colors.xcassets in Resources */ = {isa = PBXBuildFile; fileRef = 705B34AB2B5CF41B009D4292 /* Colors.xcassets */; };
		705B34AE2B5CF6C8009D4292 /* Localizable.strings in Resources */ = {isa = PBXBuildFile; fileRef = 705B34AD2B5CF6C8009D4292 /* Localizable.strings */; };
		705B34B42B5CF755009D4292 /* LeagueGothic-Regular.ttf in Resources */ = {isa = PBXBuildFile; fileRef = 705B34B02B5CF755009D4292 /* LeagueGothic-Regular.ttf */; };
		705B34B52B5CF755009D4292 /* LabilGroteskTrial-Regular.otf in Resources */ = {isa = PBXBuildFile; fileRef = 705B34B12B5CF755009D4292 /* LabilGroteskTrial-Regular.otf */; };
		705B34B62B5CF755009D4292 /* LabilGroteskTrial-Light.otf in Resources */ = {isa = PBXBuildFile; fileRef = 705B34B22B5CF755009D4292 /* LabilGroteskTrial-Light.otf */; };
		705B34B72B5CF755009D4292 /* LabilGroteskTrial-Medium.otf in Resources */ = {isa = PBXBuildFile; fileRef = 705B34B32B5CF755009D4292 /* LabilGroteskTrial-Medium.otf */; };
		705B34C32B5D0A6B009D4292 /* Images.swift in Sources */ = {isa = PBXBuildFile; fileRef = 705B34C22B5D0A6B009D4292 /* Images.swift */; };
		705B34C52B5D0A77009D4292 /* Colors.swift in Sources */ = {isa = PBXBuildFile; fileRef = 705B34C42B5D0A77009D4292 /* Colors.swift */; };
		705B34C72B5D0AB2009D4292 /* Strings.swift in Sources */ = {isa = PBXBuildFile; fileRef = 705B34C62B5D0AB2009D4292 /* Strings.swift */; };
		705B34C92B5D0AC4009D4292 /* Fonts.swift in Sources */ = {isa = PBXBuildFile; fileRef = 705B34C82B5D0AC4009D4292 /* Fonts.swift */; };
		705B7D712B419B3B00C0F53C /* AppDelegate.swift in Sources */ = {isa = PBXBuildFile; fileRef = 705B7D702B419B3B00C0F53C /* AppDelegate.swift */; };
		705B7D732B419B3B00C0F53C /* SceneDelegate.swift in Sources */ = {isa = PBXBuildFile; fileRef = 705B7D722B419B3B00C0F53C /* SceneDelegate.swift */; };
		705B7D7A2B419B3C00C0F53C /* Images.xcassets in Resources */ = {isa = PBXBuildFile; fileRef = 705B7D792B419B3C00C0F53C /* Images.xcassets */; };
		705B7D7D2B419B3C00C0F53C /* LaunchScreen.storyboard in Resources */ = {isa = PBXBuildFile; fileRef = 705B7D7B2B419B3C00C0F53C /* LaunchScreen.storyboard */; };
		705B7D8B2B44438600C0F53C /* UIStackView+.swift in Sources */ = {isa = PBXBuildFile; fileRef = 705B7D8A2B44438600C0F53C /* UIStackView+.swift */; };
		705B7D8D2B44439600C0F53C /* UIApplication+.swift in Sources */ = {isa = PBXBuildFile; fileRef = 705B7D8C2B44439600C0F53C /* UIApplication+.swift */; };
		705B7D8F2B4443DE00C0F53C /* UIScrollView+.swift in Sources */ = {isa = PBXBuildFile; fileRef = 705B7D8E2B4443DE00C0F53C /* UIScrollView+.swift */; };
		705B7D912B44444E00C0F53C /* CGFloat+.swift in Sources */ = {isa = PBXBuildFile; fileRef = 705B7D902B44444E00C0F53C /* CGFloat+.swift */; };
		705B7D932B44445D00C0F53C /* String+.swift in Sources */ = {isa = PBXBuildFile; fileRef = 705B7D922B44445D00C0F53C /* String+.swift */; };
		705B7D952B4444AD00C0F53C /* AfterProtocol.swift in Sources */ = {isa = PBXBuildFile; fileRef = 705B7D942B4444AD00C0F53C /* AfterProtocol.swift */; };
		705B7D992B4447EC00C0F53C /* TabBarController.swift in Sources */ = {isa = PBXBuildFile; fileRef = 705B7D982B4447EC00C0F53C /* TabBarController.swift */; };
		705B7D9B2B4449D500C0F53C /* UIEdgeInsets+.swift in Sources */ = {isa = PBXBuildFile; fileRef = 705B7D9A2B4449D500C0F53C /* UIEdgeInsets+.swift */; };
		705B7D9D2B444D4600C0F53C /* UINavigationController+.swift in Sources */ = {isa = PBXBuildFile; fileRef = 705B7D9C2B444D4600C0F53C /* UINavigationController+.swift */; };
		705B7DA02B444DD500C0F53C /* AnyCoordinator.swift in Sources */ = {isa = PBXBuildFile; fileRef = 705B7D9F2B444DD500C0F53C /* AnyCoordinator.swift */; };
		705B7DA22B444E1C00C0F53C /* Coordinator.swift in Sources */ = {isa = PBXBuildFile; fileRef = 705B7DA12B444E1C00C0F53C /* Coordinator.swift */; };
		705B7DA52B44527A00C0F53C /* AppCoordinator.swift in Sources */ = {isa = PBXBuildFile; fileRef = 705B7DA42B44527A00C0F53C /* AppCoordinator.swift */; };
		705B7DA82B446EB900C0F53C /* SplashCoordinator.swift in Sources */ = {isa = PBXBuildFile; fileRef = 705B7DA72B446EB900C0F53C /* SplashCoordinator.swift */; };
		705B7DAB2B44708E00C0F53C /* MainCoordinator.swift in Sources */ = {isa = PBXBuildFile; fileRef = 705B7DAA2B44708E00C0F53C /* MainCoordinator.swift */; };
		70B9A9F22B45932D0068A3E8 /* DevelopmentConfiguration.xcconfig in Resources */ = {isa = PBXBuildFile; fileRef = 70B9A9F12B45932D0068A3E8 /* DevelopmentConfiguration.xcconfig */; };
		70B9A9F42B45933A0068A3E8 /* ProductionConfiguration.xcconfig in Resources */ = {isa = PBXBuildFile; fileRef = 70B9A9F32B45933A0068A3E8 /* ProductionConfiguration.xcconfig */; };
		70B9A9F72B4593680068A3E8 /* User.swift in Sources */ = {isa = PBXBuildFile; fileRef = 70B9A9F62B4593680068A3E8 /* User.swift */; };
		70B9A9F92B4593720068A3E8 /* AuthType.swift in Sources */ = {isa = PBXBuildFile; fileRef = 70B9A9F82B4593720068A3E8 /* AuthType.swift */; };
		70B9A9FB2B45938B0068A3E8 /* Environment.swift in Sources */ = {isa = PBXBuildFile; fileRef = 70B9A9FA2B45938B0068A3E8 /* Environment.swift */; };
/* End PBXBuildFile section */

/* Begin PBXFileReference section */
		702DD2272B62E2BA00F58C85 /* NavigationCoordinator.swift */ = {isa = PBXFileReference; lastKnownFileType = sourcecode.swift; path = NavigationCoordinator.swift; sourceTree = "<group>"; };
		705B34AB2B5CF41B009D4292 /* Colors.xcassets */ = {isa = PBXFileReference; lastKnownFileType = folder.assetcatalog; path = Colors.xcassets; sourceTree = "<group>"; };
		705B34AD2B5CF6C8009D4292 /* Localizable.strings */ = {isa = PBXFileReference; fileEncoding = 4; lastKnownFileType = text.plist.strings; path = Localizable.strings; sourceTree = "<group>"; };
		705B34B02B5CF755009D4292 /* LeagueGothic-Regular.ttf */ = {isa = PBXFileReference; lastKnownFileType = file; path = "LeagueGothic-Regular.ttf"; sourceTree = "<group>"; };
		705B34B12B5CF755009D4292 /* LabilGroteskTrial-Regular.otf */ = {isa = PBXFileReference; lastKnownFileType = file; path = "LabilGroteskTrial-Regular.otf"; sourceTree = "<group>"; };
		705B34B22B5CF755009D4292 /* LabilGroteskTrial-Light.otf */ = {isa = PBXFileReference; lastKnownFileType = file; path = "LabilGroteskTrial-Light.otf"; sourceTree = "<group>"; };
		705B34B32B5CF755009D4292 /* LabilGroteskTrial-Medium.otf */ = {isa = PBXFileReference; lastKnownFileType = file; path = "LabilGroteskTrial-Medium.otf"; sourceTree = "<group>"; };
		705B34B92B5CF97F009D4292 /* swiftgen.yml */ = {isa = PBXFileReference; lastKnownFileType = text.yaml; path = swiftgen.yml; sourceTree = "<group>"; };
		705B34C22B5D0A6B009D4292 /* Images.swift */ = {isa = PBXFileReference; lastKnownFileType = sourcecode.swift; path = Images.swift; sourceTree = "<group>"; };
		705B34C42B5D0A77009D4292 /* Colors.swift */ = {isa = PBXFileReference; lastKnownFileType = sourcecode.swift; path = Colors.swift; sourceTree = "<group>"; };
		705B34C62B5D0AB2009D4292 /* Strings.swift */ = {isa = PBXFileReference; lastKnownFileType = sourcecode.swift; path = Strings.swift; sourceTree = "<group>"; };
		705B34C82B5D0AC4009D4292 /* Fonts.swift */ = {isa = PBXFileReference; lastKnownFileType = sourcecode.swift; path = Fonts.swift; sourceTree = "<group>"; };
		705B7D6D2B419B3B00C0F53C /* Nodal.app */ = {isa = PBXFileReference; explicitFileType = wrapper.application; includeInIndex = 0; path = Nodal.app; sourceTree = BUILT_PRODUCTS_DIR; };
		705B7D702B419B3B00C0F53C /* AppDelegate.swift */ = {isa = PBXFileReference; lastKnownFileType = sourcecode.swift; path = AppDelegate.swift; sourceTree = "<group>"; };
		705B7D722B419B3B00C0F53C /* SceneDelegate.swift */ = {isa = PBXFileReference; lastKnownFileType = sourcecode.swift; path = SceneDelegate.swift; sourceTree = "<group>"; };
		705B7D792B419B3C00C0F53C /* Images.xcassets */ = {isa = PBXFileReference; lastKnownFileType = folder.assetcatalog; path = Images.xcassets; sourceTree = "<group>"; };
		705B7D7C2B419B3C00C0F53C /* Base */ = {isa = PBXFileReference; lastKnownFileType = file.storyboard; name = Base; path = Base.lproj/LaunchScreen.storyboard; sourceTree = "<group>"; };
		705B7D7E2B419B3C00C0F53C /* Info.plist */ = {isa = PBXFileReference; lastKnownFileType = text.plist.xml; path = Info.plist; sourceTree = "<group>"; };
		705B7D8A2B44438600C0F53C /* UIStackView+.swift */ = {isa = PBXFileReference; lastKnownFileType = sourcecode.swift; path = "UIStackView+.swift"; sourceTree = "<group>"; };
		705B7D8C2B44439600C0F53C /* UIApplication+.swift */ = {isa = PBXFileReference; lastKnownFileType = sourcecode.swift; path = "UIApplication+.swift"; sourceTree = "<group>"; };
		705B7D8E2B4443DE00C0F53C /* UIScrollView+.swift */ = {isa = PBXFileReference; lastKnownFileType = sourcecode.swift; path = "UIScrollView+.swift"; sourceTree = "<group>"; };
		705B7D902B44444E00C0F53C /* CGFloat+.swift */ = {isa = PBXFileReference; lastKnownFileType = sourcecode.swift; path = "CGFloat+.swift"; sourceTree = "<group>"; };
		705B7D922B44445D00C0F53C /* String+.swift */ = {isa = PBXFileReference; lastKnownFileType = sourcecode.swift; path = "String+.swift"; sourceTree = "<group>"; };
		705B7D942B4444AD00C0F53C /* AfterProtocol.swift */ = {isa = PBXFileReference; lastKnownFileType = sourcecode.swift; path = AfterProtocol.swift; sourceTree = "<group>"; };
		705B7D982B4447EC00C0F53C /* TabBarController.swift */ = {isa = PBXFileReference; lastKnownFileType = sourcecode.swift; path = TabBarController.swift; sourceTree = "<group>"; };
		705B7D9A2B4449D500C0F53C /* UIEdgeInsets+.swift */ = {isa = PBXFileReference; lastKnownFileType = sourcecode.swift; path = "UIEdgeInsets+.swift"; sourceTree = "<group>"; };
		705B7D9C2B444D4600C0F53C /* UINavigationController+.swift */ = {isa = PBXFileReference; lastKnownFileType = sourcecode.swift; path = "UINavigationController+.swift"; sourceTree = "<group>"; };
		705B7D9F2B444DD500C0F53C /* AnyCoordinator.swift */ = {isa = PBXFileReference; lastKnownFileType = sourcecode.swift; path = AnyCoordinator.swift; sourceTree = "<group>"; };
		705B7DA12B444E1C00C0F53C /* Coordinator.swift */ = {isa = PBXFileReference; lastKnownFileType = sourcecode.swift; path = Coordinator.swift; sourceTree = "<group>"; };
		705B7DA42B44527A00C0F53C /* AppCoordinator.swift */ = {isa = PBXFileReference; lastKnownFileType = sourcecode.swift; path = AppCoordinator.swift; sourceTree = "<group>"; };
		705B7DA72B446EB900C0F53C /* SplashCoordinator.swift */ = {isa = PBXFileReference; lastKnownFileType = sourcecode.swift; path = SplashCoordinator.swift; sourceTree = "<group>"; };
		705B7DAA2B44708E00C0F53C /* MainCoordinator.swift */ = {isa = PBXFileReference; lastKnownFileType = sourcecode.swift; path = MainCoordinator.swift; sourceTree = "<group>"; };
		70B9A9F12B45932D0068A3E8 /* DevelopmentConfiguration.xcconfig */ = {isa = PBXFileReference; lastKnownFileType = text.xcconfig; path = DevelopmentConfiguration.xcconfig; sourceTree = "<group>"; };
		70B9A9F32B45933A0068A3E8 /* ProductionConfiguration.xcconfig */ = {isa = PBXFileReference; lastKnownFileType = text.xcconfig; path = ProductionConfiguration.xcconfig; sourceTree = "<group>"; };
		70B9A9F62B4593680068A3E8 /* User.swift */ = {isa = PBXFileReference; lastKnownFileType = sourcecode.swift; path = User.swift; sourceTree = "<group>"; };
		70B9A9F82B4593720068A3E8 /* AuthType.swift */ = {isa = PBXFileReference; lastKnownFileType = sourcecode.swift; path = AuthType.swift; sourceTree = "<group>"; };
		70B9A9FA2B45938B0068A3E8 /* Environment.swift */ = {isa = PBXFileReference; lastKnownFileType = sourcecode.swift; path = Environment.swift; sourceTree = "<group>"; };
		79AD7925D97E45042DFA4BF2 /* Pods-Nodal.production.xcconfig */ = {isa = PBXFileReference; includeInIndex = 1; lastKnownFileType = text.xcconfig; name = "Pods-Nodal.production.xcconfig"; path = "Target Support Files/Pods-Nodal/Pods-Nodal.production.xcconfig"; sourceTree = "<group>"; };
		D2618AF7423C221A8D182525 /* Pods-Nodal.development.xcconfig */ = {isa = PBXFileReference; includeInIndex = 1; lastKnownFileType = text.xcconfig; name = "Pods-Nodal.development.xcconfig"; path = "Target Support Files/Pods-Nodal/Pods-Nodal.development.xcconfig"; sourceTree = "<group>"; };
		EC0C94EBD30B53D32016A28F /* Pods_Nodal.framework */ = {isa = PBXFileReference; explicitFileType = wrapper.framework; includeInIndex = 0; path = Pods_Nodal.framework; sourceTree = BUILT_PRODUCTS_DIR; };
/* End PBXFileReference section */

/* Begin PBXFrameworksBuildPhase section */
		705B7D6A2B419B3B00C0F53C /* Frameworks */ = {
			isa = PBXFrameworksBuildPhase;
			buildActionMask = 2147483647;
			files = (
				20F0C2302B2EC3296053E78E /* Pods_Nodal.framework in Frameworks */,
			);
			runOnlyForDeploymentPostprocessing = 0;
		};
/* End PBXFrameworksBuildPhase section */

/* Begin PBXGroup section */
		705B34A92B5CF226009D4292 /* Configurations */ = {
			isa = PBXGroup;
			children = (
				70B9A9F02B4593170068A3E8 /* Configurations */,
				705B7D7E2B419B3C00C0F53C /* Info.plist */,
				705B34B92B5CF97F009D4292 /* swiftgen.yml */,
			);
			path = Configurations;
			sourceTree = "<group>";
		};
		705B34AF2B5CF755009D4292 /* Fonts */ = {
			isa = PBXGroup;
			children = (
				705B34B02B5CF755009D4292 /* LeagueGothic-Regular.ttf */,
				705B34B12B5CF755009D4292 /* LabilGroteskTrial-Regular.otf */,
				705B34B22B5CF755009D4292 /* LabilGroteskTrial-Light.otf */,
				705B34B32B5CF755009D4292 /* LabilGroteskTrial-Medium.otf */,
			);
			path = Fonts;
			sourceTree = "<group>";
		};
		705B34C12B5D0A5E009D4292 /* Generated */ = {
			isa = PBXGroup;
			children = (
				705B34C22B5D0A6B009D4292 /* Images.swift */,
				705B34C42B5D0A77009D4292 /* Colors.swift */,
				705B34C62B5D0AB2009D4292 /* Strings.swift */,
				705B34C82B5D0AC4009D4292 /* Fonts.swift */,
			);
			path = Generated;
			sourceTree = "<group>";
		};
		705B7D642B419B3B00C0F53C = {
			isa = PBXGroup;
			children = (
				705B34A92B5CF226009D4292 /* Configurations */,
				705B7D862B419BEE00C0F53C /* Sources */,
				705B7D852B419BA200C0F53C /* Resources */,
				705B7D6E2B419B3B00C0F53C /* Products */,
				AB62686D87892604A4DBF036 /* Pods */,
				A3321C6DDEA70665C0E135DE /* Frameworks */,
			);
			sourceTree = "<group>";
		};
		705B7D6E2B419B3B00C0F53C /* Products */ = {
			isa = PBXGroup;
			children = (
				705B7D6D2B419B3B00C0F53C /* Nodal.app */,
			);
			name = Products;
			sourceTree = "<group>";
		};
		705B7D852B419BA200C0F53C /* Resources */ = {
			isa = PBXGroup;
			children = (
				705B34C12B5D0A5E009D4292 /* Generated */,
				705B34AF2B5CF755009D4292 /* Fonts */,
				705B34AD2B5CF6C8009D4292 /* Localizable.strings */,
				705B34AB2B5CF41B009D4292 /* Colors.xcassets */,
				705B7D792B419B3C00C0F53C /* Images.xcassets */,
				705B7D7B2B419B3C00C0F53C /* LaunchScreen.storyboard */,
			);
			path = Resources;
			sourceTree = "<group>";
		};
		705B7D862B419BEE00C0F53C /* Sources */ = {
			isa = PBXGroup;
			children = (
				70B9A9F52B4593530068A3E8 /* Models */,
				705B7DA32B44524500C0F53C /* Application */,
				705B7D962B44479500C0F53C /* Streams */,
				705B7D872B44434800C0F53C /* Extensions */,
			);
			path = Sources;
			sourceTree = "<group>";
		};
		705B7D872B44434800C0F53C /* Extensions */ = {
			isa = PBXGroup;
			children = (
				705B7D942B4444AD00C0F53C /* AfterProtocol.swift */,
				705B7D892B44436D00C0F53C /* UIKit */,
				705B7D882B44435300C0F53C /* Foundation */,
			);
			path = Extensions;
			sourceTree = "<group>";
		};
		705B7D882B44435300C0F53C /* Foundation */ = {
			isa = PBXGroup;
			children = (
				705B7D902B44444E00C0F53C /* CGFloat+.swift */,
				705B7D922B44445D00C0F53C /* String+.swift */,
			);
			path = Foundation;
			sourceTree = "<group>";
		};
		705B7D892B44436D00C0F53C /* UIKit */ = {
			isa = PBXGroup;
			children = (
				705B7D8A2B44438600C0F53C /* UIStackView+.swift */,
				705B7D8C2B44439600C0F53C /* UIApplication+.swift */,
				705B7D8E2B4443DE00C0F53C /* UIScrollView+.swift */,
				705B7D9A2B4449D500C0F53C /* UIEdgeInsets+.swift */,
				705B7D9C2B444D4600C0F53C /* UINavigationController+.swift */,
			);
			path = UIKit;
			sourceTree = "<group>";
		};
		705B7D962B44479500C0F53C /* Streams */ = {
			isa = PBXGroup;
			children = (
				705B7DA92B44708000C0F53C /* Main */,
				705B7DA62B446EA300C0F53C /* Splash */,
				705B7D9E2B444DB500C0F53C /* Coordinator */,
				705B7D972B4447C800C0F53C /* Common */,
			);
			path = Streams;
			sourceTree = "<group>";
		};
		705B7D972B4447C800C0F53C /* Common */ = {
			isa = PBXGroup;
			children = (
				705B7D982B4447EC00C0F53C /* TabBarController.swift */,
			);
			path = Common;
			sourceTree = "<group>";
		};
		705B7D9E2B444DB500C0F53C /* Coordinator */ = {
			isa = PBXGroup;
			children = (
				705B7D9F2B444DD500C0F53C /* AnyCoordinator.swift */,
				705B7DA12B444E1C00C0F53C /* Coordinator.swift */,
				702DD2272B62E2BA00F58C85 /* NavigationCoordinator.swift */,
			);
			path = Coordinator;
			sourceTree = "<group>";
		};
		705B7DA32B44524500C0F53C /* Application */ = {
			isa = PBXGroup;
			children = (
				705B7D702B419B3B00C0F53C /* AppDelegate.swift */,
				705B7D722B419B3B00C0F53C /* SceneDelegate.swift */,
				705B7DA42B44527A00C0F53C /* AppCoordinator.swift */,
			);
			path = Application;
			sourceTree = "<group>";
		};
		705B7DA62B446EA300C0F53C /* Splash */ = {
			isa = PBXGroup;
			children = (
				705B7DA72B446EB900C0F53C /* SplashCoordinator.swift */,
			);
			path = Splash;
			sourceTree = "<group>";
		};
		705B7DA92B44708000C0F53C /* Main */ = {
			isa = PBXGroup;
			children = (
				705B7DAA2B44708E00C0F53C /* MainCoordinator.swift */,
			);
			path = Main;
			sourceTree = "<group>";
		};
		70B9A9F02B4593170068A3E8 /* Configurations */ = {
			isa = PBXGroup;
			children = (
				70B9A9F12B45932D0068A3E8 /* DevelopmentConfiguration.xcconfig */,
				70B9A9F32B45933A0068A3E8 /* ProductionConfiguration.xcconfig */,
				70B9A9FA2B45938B0068A3E8 /* Environment.swift */,
			);
			path = Configurations;
			sourceTree = "<group>";
		};
		70B9A9F52B4593530068A3E8 /* Models */ = {
			isa = PBXGroup;
			children = (
				70B9A9F62B4593680068A3E8 /* User.swift */,
				70B9A9F82B4593720068A3E8 /* AuthType.swift */,
			);
			path = Models;
			sourceTree = "<group>";
		};
		A3321C6DDEA70665C0E135DE /* Frameworks */ = {
			isa = PBXGroup;
			children = (
				EC0C94EBD30B53D32016A28F /* Pods_Nodal.framework */,
			);
			name = Frameworks;
			sourceTree = "<group>";
		};
		AB62686D87892604A4DBF036 /* Pods */ = {
			isa = PBXGroup;
			children = (
				D2618AF7423C221A8D182525 /* Pods-Nodal.development.xcconfig */,
				79AD7925D97E45042DFA4BF2 /* Pods-Nodal.production.xcconfig */,
			);
			path = Pods;
			sourceTree = "<group>";
		};
/* End PBXGroup section */

/* Begin PBXNativeTarget section */
		705B7D6C2B419B3B00C0F53C /* Nodal */ = {
			isa = PBXNativeTarget;
			buildConfigurationList = 705B7D812B419B3C00C0F53C /* Build configuration list for PBXNativeTarget "Nodal" */;
			buildPhases = (
				B6F25DF7275A21E97446DDB4 /* [CP] Check Pods Manifest.lock */,
				705B34B82B5CF939009D4292 /* Swiftgen */,
				705B7D692B419B3B00C0F53C /* Sources */,
				705B7D6A2B419B3B00C0F53C /* Frameworks */,
				705B7D6B2B419B3B00C0F53C /* Resources */,
				ED0989DB39DEBB626A235E86 /* [CP] Embed Pods Frameworks */,
			);
			buildRules = (
			);
			dependencies = (
			);
			name = Nodal;
			productName = Nodal;
			productReference = 705B7D6D2B419B3B00C0F53C /* Nodal.app */;
			productType = "com.apple.product-type.application";
		};
/* End PBXNativeTarget section */

/* Begin PBXProject section */
		705B7D652B419B3B00C0F53C /* Project object */ = {
			isa = PBXProject;
			attributes = {
				BuildIndependentTargetsInParallel = 1;
				LastSwiftUpdateCheck = 1500;
				LastUpgradeCheck = 1500;
				TargetAttributes = {
					705B7D6C2B419B3B00C0F53C = {
						CreatedOnToolsVersion = 15.0;
					};
				};
			};
			buildConfigurationList = 705B7D682B419B3B00C0F53C /* Build configuration list for PBXProject "Nodal" */;
			compatibilityVersion = "Xcode 14.0";
			developmentRegion = en;
			hasScannedForEncodings = 0;
			knownRegions = (
				en,
				Base,
			);
			mainGroup = 705B7D642B419B3B00C0F53C;
			productRefGroup = 705B7D6E2B419B3B00C0F53C /* Products */;
			projectDirPath = "";
			projectRoot = "";
			targets = (
				705B7D6C2B419B3B00C0F53C /* Nodal */,
			);
		};
/* End PBXProject section */

/* Begin PBXResourcesBuildPhase section */
		705B7D6B2B419B3B00C0F53C /* Resources */ = {
			isa = PBXResourcesBuildPhase;
			buildActionMask = 2147483647;
			files = (
				705B34B42B5CF755009D4292 /* LeagueGothic-Regular.ttf in Resources */,
				705B34AC2B5CF41C009D4292 /* Colors.xcassets in Resources */,
				705B34B52B5CF755009D4292 /* LabilGroteskTrial-Regular.otf in Resources */,
				705B34AE2B5CF6C8009D4292 /* Localizable.strings in Resources */,
				705B34B72B5CF755009D4292 /* LabilGroteskTrial-Medium.otf in Resources */,
				70B9A9F42B45933A0068A3E8 /* ProductionConfiguration.xcconfig in Resources */,
				705B7D7D2B419B3C00C0F53C /* LaunchScreen.storyboard in Resources */,
				705B7D7A2B419B3C00C0F53C /* Images.xcassets in Resources */,
				705B34B62B5CF755009D4292 /* LabilGroteskTrial-Light.otf in Resources */,
				70B9A9F22B45932D0068A3E8 /* DevelopmentConfiguration.xcconfig in Resources */,
			);
			runOnlyForDeploymentPostprocessing = 0;
		};
/* End PBXResourcesBuildPhase section */

/* Begin PBXShellScriptBuildPhase section */
		705B34B82B5CF939009D4292 /* Swiftgen */ = {
			isa = PBXShellScriptBuildPhase;
			alwaysOutOfDate = 1;
			buildActionMask = 2147483647;
			files = (
			);
			inputFileListPaths = (
			);
			inputPaths = (
			);
			name = Swiftgen;
			outputFileListPaths = (
			);
			outputPaths = (
			);
			runOnlyForDeploymentPostprocessing = 0;
			shellPath = /bin/sh;
			shellScript = "if [[ -f \"${PODS_ROOT}/SwiftGen/bin/swiftgen\" ]]; then\n    \"${PODS_ROOT}/SwiftGen/bin/swiftgen\" config run --config Configurations/swiftgen.yml\nelse\n    echo \"warning: SwiftGen not installed.\"\nfi \n";
		};
		B6F25DF7275A21E97446DDB4 /* [CP] Check Pods Manifest.lock */ = {
			isa = PBXShellScriptBuildPhase;
			buildActionMask = 2147483647;
			files = (
			);
			inputFileListPaths = (
			);
			inputPaths = (
				"${PODS_PODFILE_DIR_PATH}/Podfile.lock",
				"${PODS_ROOT}/Manifest.lock",
			);
			name = "[CP] Check Pods Manifest.lock";
			outputFileListPaths = (
			);
			outputPaths = (
				"$(DERIVED_FILE_DIR)/Pods-Nodal-checkManifestLockResult.txt",
			);
			runOnlyForDeploymentPostprocessing = 0;
			shellPath = /bin/sh;
			shellScript = "diff \"${PODS_PODFILE_DIR_PATH}/Podfile.lock\" \"${PODS_ROOT}/Manifest.lock\" > /dev/null\nif [ $? != 0 ] ; then\n    # print error to STDERR\n    echo \"error: The sandbox is not in sync with the Podfile.lock. Run 'pod install' or update your CocoaPods installation.\" >&2\n    exit 1\nfi\n# This output is used by Xcode 'outputs' to avoid re-running this script phase.\necho \"SUCCESS\" > \"${SCRIPT_OUTPUT_FILE_0}\"\n";
			showEnvVarsInLog = 0;
		};
		ED0989DB39DEBB626A235E86 /* [CP] Embed Pods Frameworks */ = {
			isa = PBXShellScriptBuildPhase;
			buildActionMask = 2147483647;
			files = (
			);
			inputFileListPaths = (
				"${PODS_ROOT}/Target Support Files/Pods-Nodal/Pods-Nodal-frameworks-${CONFIGURATION}-input-files.xcfilelist",
			);
			name = "[CP] Embed Pods Frameworks";
			outputFileListPaths = (
				"${PODS_ROOT}/Target Support Files/Pods-Nodal/Pods-Nodal-frameworks-${CONFIGURATION}-output-files.xcfilelist",
			);
			runOnlyForDeploymentPostprocessing = 0;
			shellPath = /bin/sh;
			shellScript = "\"${PODS_ROOT}/Target Support Files/Pods-Nodal/Pods-Nodal-frameworks.sh\"\n";
			showEnvVarsInLog = 0;
		};
/* End PBXShellScriptBuildPhase section */

/* Begin PBXSourcesBuildPhase section */
		705B7D692B419B3B00C0F53C /* Sources */ = {
			isa = PBXSourcesBuildPhase;
			buildActionMask = 2147483647;
			files = (
				705B7D9D2B444D4600C0F53C /* UINavigationController+.swift in Sources */,
				705B7D9B2B4449D500C0F53C /* UIEdgeInsets+.swift in Sources */,
				705B7DA22B444E1C00C0F53C /* Coordinator.swift in Sources */,
				705B7D8D2B44439600C0F53C /* UIApplication+.swift in Sources */,
				705B7DA02B444DD500C0F53C /* AnyCoordinator.swift in Sources */,
				705B7D712B419B3B00C0F53C /* AppDelegate.swift in Sources */,
				705B7DA52B44527A00C0F53C /* AppCoordinator.swift in Sources */,
				70B9A9F72B4593680068A3E8 /* User.swift in Sources */,
				705B7D952B4444AD00C0F53C /* AfterProtocol.swift in Sources */,
				705B7D992B4447EC00C0F53C /* TabBarController.swift in Sources */,
				702DD2282B62E2BA00F58C85 /* NavigationCoordinator.swift in Sources */,
				705B34C92B5D0AC4009D4292 /* Fonts.swift in Sources */,
				705B34C52B5D0A77009D4292 /* Colors.swift in Sources */,
				705B7DAB2B44708E00C0F53C /* MainCoordinator.swift in Sources */,
				705B34C72B5D0AB2009D4292 /* Strings.swift in Sources */,
				705B7DA82B446EB900C0F53C /* SplashCoordinator.swift in Sources */,
				705B7D8F2B4443DE00C0F53C /* UIScrollView+.swift in Sources */,
				705B7D8B2B44438600C0F53C /* UIStackView+.swift in Sources */,
				705B7D912B44444E00C0F53C /* CGFloat+.swift in Sources */,
				70B9A9FB2B45938B0068A3E8 /* Environment.swift in Sources */,
				70B9A9F92B4593720068A3E8 /* AuthType.swift in Sources */,
				705B34C32B5D0A6B009D4292 /* Images.swift in Sources */,
				705B7D932B44445D00C0F53C /* String+.swift in Sources */,
				705B7D732B419B3B00C0F53C /* SceneDelegate.swift in Sources */,
			);
			runOnlyForDeploymentPostprocessing = 0;
		};
/* End PBXSourcesBuildPhase section */

/* Begin PBXVariantGroup section */
		705B7D7B2B419B3C00C0F53C /* LaunchScreen.storyboard */ = {
			isa = PBXVariantGroup;
			children = (
				705B7D7C2B419B3C00C0F53C /* Base */,
			);
			name = LaunchScreen.storyboard;
			sourceTree = "<group>";
		};
/* End PBXVariantGroup section */

/* Begin XCBuildConfiguration section */
		705B7D7F2B419B3C00C0F53C /* Development */ = {
			isa = XCBuildConfiguration;
			buildSettings = {
				ALWAYS_SEARCH_USER_PATHS = NO;
				ASSETCATALOG_COMPILER_GENERATE_SWIFT_ASSET_SYMBOL_EXTENSIONS = YES;
				CLANG_ANALYZER_NONNULL = YES;
				CLANG_ANALYZER_NUMBER_OBJECT_CONVERSION = YES_AGGRESSIVE;
				CLANG_CXX_LANGUAGE_STANDARD = "gnu++20";
				CLANG_ENABLE_MODULES = YES;
				CLANG_ENABLE_OBJC_ARC = YES;
				CLANG_ENABLE_OBJC_WEAK = YES;
				CLANG_WARN_BLOCK_CAPTURE_AUTORELEASING = YES;
				CLANG_WARN_BOOL_CONVERSION = YES;
				CLANG_WARN_COMMA = YES;
				CLANG_WARN_CONSTANT_CONVERSION = YES;
				CLANG_WARN_DEPRECATED_OBJC_IMPLEMENTATIONS = YES;
				CLANG_WARN_DIRECT_OBJC_ISA_USAGE = YES_ERROR;
				CLANG_WARN_DOCUMENTATION_COMMENTS = YES;
				CLANG_WARN_EMPTY_BODY = YES;
				CLANG_WARN_ENUM_CONVERSION = YES;
				CLANG_WARN_INFINITE_RECURSION = YES;
				CLANG_WARN_INT_CONVERSION = YES;
				CLANG_WARN_NON_LITERAL_NULL_CONVERSION = YES;
				CLANG_WARN_OBJC_IMPLICIT_RETAIN_SELF = YES;
				CLANG_WARN_OBJC_LITERAL_CONVERSION = YES;
				CLANG_WARN_OBJC_ROOT_CLASS = YES_ERROR;
				CLANG_WARN_QUOTED_INCLUDE_IN_FRAMEWORK_HEADER = YES;
				CLANG_WARN_RANGE_LOOP_ANALYSIS = YES;
				CLANG_WARN_STRICT_PROTOTYPES = YES;
				CLANG_WARN_SUSPICIOUS_MOVE = YES;
				CLANG_WARN_UNGUARDED_AVAILABILITY = YES_AGGRESSIVE;
				CLANG_WARN_UNREACHABLE_CODE = YES;
				CLANG_WARN__DUPLICATE_METHOD_MATCH = YES;
				COPY_PHASE_STRIP = NO;
				DEBUG_INFORMATION_FORMAT = dwarf;
				ENABLE_STRICT_OBJC_MSGSEND = YES;
				ENABLE_TESTABILITY = YES;
				ENABLE_USER_SCRIPT_SANDBOXING = NO;
				GCC_C_LANGUAGE_STANDARD = gnu17;
				GCC_DYNAMIC_NO_PIC = NO;
				GCC_NO_COMMON_BLOCKS = YES;
				GCC_OPTIMIZATION_LEVEL = 0;
				GCC_PREPROCESSOR_DEFINITIONS = (
					"DEBUG=1",
					"$(inherited)",
				);
				GCC_WARN_64_TO_32_BIT_CONVERSION = YES;
				GCC_WARN_ABOUT_RETURN_TYPE = YES_ERROR;
				GCC_WARN_UNDECLARED_SELECTOR = YES;
				GCC_WARN_UNINITIALIZED_AUTOS = YES_AGGRESSIVE;
				GCC_WARN_UNUSED_FUNCTION = YES;
				GCC_WARN_UNUSED_VARIABLE = YES;
				IPHONEOS_DEPLOYMENT_TARGET = 15.0;
				LOCALIZATION_PREFERS_STRING_CATALOGS = YES;
				MTL_ENABLE_DEBUG_INFO = INCLUDE_SOURCE;
				MTL_FAST_MATH = YES;
				ONLY_ACTIVE_ARCH = YES;
				SDKROOT = iphoneos;
				SWIFT_ACTIVE_COMPILATION_CONDITIONS = "DEBUG $(inherited)";
				SWIFT_OPTIMIZATION_LEVEL = "-Onone";
			};
			name = Development;
		};
		705B7D802B419B3C00C0F53C /* Production */ = {
			isa = XCBuildConfiguration;
			buildSettings = {
				ALWAYS_SEARCH_USER_PATHS = NO;
				ASSETCATALOG_COMPILER_GENERATE_SWIFT_ASSET_SYMBOL_EXTENSIONS = YES;
				CLANG_ANALYZER_NONNULL = YES;
				CLANG_ANALYZER_NUMBER_OBJECT_CONVERSION = YES_AGGRESSIVE;
				CLANG_CXX_LANGUAGE_STANDARD = "gnu++20";
				CLANG_ENABLE_MODULES = YES;
				CLANG_ENABLE_OBJC_ARC = YES;
				CLANG_ENABLE_OBJC_WEAK = YES;
				CLANG_WARN_BLOCK_CAPTURE_AUTORELEASING = YES;
				CLANG_WARN_BOOL_CONVERSION = YES;
				CLANG_WARN_COMMA = YES;
				CLANG_WARN_CONSTANT_CONVERSION = YES;
				CLANG_WARN_DEPRECATED_OBJC_IMPLEMENTATIONS = YES;
				CLANG_WARN_DIRECT_OBJC_ISA_USAGE = YES_ERROR;
				CLANG_WARN_DOCUMENTATION_COMMENTS = YES;
				CLANG_WARN_EMPTY_BODY = YES;
				CLANG_WARN_ENUM_CONVERSION = YES;
				CLANG_WARN_INFINITE_RECURSION = YES;
				CLANG_WARN_INT_CONVERSION = YES;
				CLANG_WARN_NON_LITERAL_NULL_CONVERSION = YES;
				CLANG_WARN_OBJC_IMPLICIT_RETAIN_SELF = YES;
				CLANG_WARN_OBJC_LITERAL_CONVERSION = YES;
				CLANG_WARN_OBJC_ROOT_CLASS = YES_ERROR;
				CLANG_WARN_QUOTED_INCLUDE_IN_FRAMEWORK_HEADER = YES;
				CLANG_WARN_RANGE_LOOP_ANALYSIS = YES;
				CLANG_WARN_STRICT_PROTOTYPES = YES;
				CLANG_WARN_SUSPICIOUS_MOVE = YES;
				CLANG_WARN_UNGUARDED_AVAILABILITY = YES_AGGRESSIVE;
				CLANG_WARN_UNREACHABLE_CODE = YES;
				CLANG_WARN__DUPLICATE_METHOD_MATCH = YES;
				COPY_PHASE_STRIP = NO;
				DEBUG_INFORMATION_FORMAT = "dwarf-with-dsym";
				ENABLE_NS_ASSERTIONS = NO;
				ENABLE_STRICT_OBJC_MSGSEND = YES;
				ENABLE_USER_SCRIPT_SANDBOXING = NO;
				GCC_C_LANGUAGE_STANDARD = gnu17;
				GCC_NO_COMMON_BLOCKS = YES;
				GCC_WARN_64_TO_32_BIT_CONVERSION = YES;
				GCC_WARN_ABOUT_RETURN_TYPE = YES_ERROR;
				GCC_WARN_UNDECLARED_SELECTOR = YES;
				GCC_WARN_UNINITIALIZED_AUTOS = YES_AGGRESSIVE;
				GCC_WARN_UNUSED_FUNCTION = YES;
				GCC_WARN_UNUSED_VARIABLE = YES;
				IPHONEOS_DEPLOYMENT_TARGET = 15.0;
				LOCALIZATION_PREFERS_STRING_CATALOGS = YES;
				MTL_ENABLE_DEBUG_INFO = NO;
				MTL_FAST_MATH = YES;
				SDKROOT = iphoneos;
				SWIFT_COMPILATION_MODE = wholemodule;
				VALIDATE_PRODUCT = YES;
			};
			name = Production;
		};
		705B7D822B419B3C00C0F53C /* Development */ = {
			isa = XCBuildConfiguration;
			baseConfigurationReference = D2618AF7423C221A8D182525 /* Pods-Nodal.development.xcconfig */;
			buildSettings = {
				ASSETCATALOG_COMPILER_APPICON_NAME = AppIcon;
				CODE_SIGN_STYLE = Automatic;
				CURRENT_PROJECT_VERSION = 1;
				DEVELOPMENT_TEAM = U96PRYKKJ4;
				GENERATE_INFOPLIST_FILE = YES;
				INFOPLIST_FILE = Configurations/Info.plist;
				INFOPLIST_KEY_UIApplicationSupportsIndirectInputEvents = YES;
				INFOPLIST_KEY_UILaunchStoryboardName = LaunchScreen.storyboard;
				INFOPLIST_KEY_UISupportedInterfaceOrientations_iPad = "UIInterfaceOrientationPortrait UIInterfaceOrientationPortraitUpsideDown UIInterfaceOrientationLandscapeLeft UIInterfaceOrientationLandscapeRight";
				INFOPLIST_KEY_UISupportedInterfaceOrientations_iPhone = "UIInterfaceOrientationPortrait UIInterfaceOrientationLandscapeLeft UIInterfaceOrientationLandscapeRight";
				IPHONEOS_DEPLOYMENT_TARGET = 15.0;
				LD_RUNPATH_SEARCH_PATHS = (
					"$(inherited)",
					"@executable_path/Frameworks",
				);
				MARKETING_VERSION = 1.0;
				PRODUCT_BUNDLE_IDENTIFIER = Nodal.Nodal;
				PRODUCT_NAME = "$(TARGET_NAME)";
				SWIFT_EMIT_LOC_STRINGS = YES;
				SWIFT_VERSION = 5.0;
				TARGETED_DEVICE_FAMILY = "1,2";
			};
			name = Development;
		};
		705B7D832B419B3C00C0F53C /* Production */ = {
			isa = XCBuildConfiguration;
			baseConfigurationReference = 79AD7925D97E45042DFA4BF2 /* Pods-Nodal.production.xcconfig */;
			buildSettings = {
				ASSETCATALOG_COMPILER_APPICON_NAME = AppIcon;
				CODE_SIGN_STYLE = Automatic;
				CURRENT_PROJECT_VERSION = 1;
				DEVELOPMENT_TEAM = U96PRYKKJ4;
				GENERATE_INFOPLIST_FILE = YES;
				INFOPLIST_FILE = Configurations/Info.plist;
				INFOPLIST_KEY_UIApplicationSupportsIndirectInputEvents = YES;
				INFOPLIST_KEY_UILaunchStoryboardName = LaunchScreen.storyboard;
				INFOPLIST_KEY_UISupportedInterfaceOrientations_iPad = "UIInterfaceOrientationPortrait UIInterfaceOrientationPortraitUpsideDown UIInterfaceOrientationLandscapeLeft UIInterfaceOrientationLandscapeRight";
				INFOPLIST_KEY_UISupportedInterfaceOrientations_iPhone = "UIInterfaceOrientationPortrait UIInterfaceOrientationLandscapeLeft UIInterfaceOrientationLandscapeRight";
				IPHONEOS_DEPLOYMENT_TARGET = 15.0;
				LD_RUNPATH_SEARCH_PATHS = (
					"$(inherited)",
					"@executable_path/Frameworks",
				);
				MARKETING_VERSION = 1.0;
				PRODUCT_BUNDLE_IDENTIFIER = Nodal.Nodal;
				PRODUCT_NAME = "$(TARGET_NAME)";
				SWIFT_EMIT_LOC_STRINGS = YES;
				SWIFT_VERSION = 5.0;
				TARGETED_DEVICE_FAMILY = "1,2";
			};
			name = Production;
		};
/* End XCBuildConfiguration section */

/* Begin XCConfigurationList section */
		705B7D682B419B3B00C0F53C /* Build configuration list for PBXProject "Nodal" */ = {
			isa = XCConfigurationList;
			buildConfigurations = (
				705B7D7F2B419B3C00C0F53C /* Development */,
				705B7D802B419B3C00C0F53C /* Production */,
			);
			defaultConfigurationIsVisible = 0;
			defaultConfigurationName = Production;
		};
		705B7D812B419B3C00C0F53C /* Build configuration list for PBXNativeTarget "Nodal" */ = {
			isa = XCConfigurationList;
			buildConfigurations = (
				705B7D822B419B3C00C0F53C /* Development */,
				705B7D832B419B3C00C0F53C /* Production */,
			);
			defaultConfigurationIsVisible = 0;
			defaultConfigurationName = Production;
		};
/* End XCConfigurationList section */
	};
	rootObject = 705B7D652B419B3B00C0F53C /* Project object */;
}
