// !$*UTF8*$!
{
	archiveVersion = 1;
	classes = {
	};
	objectVersion = 56;
	objects = {

/* Begin PBXBuildFile section */
		705B7D712B419B3B00C0F53C /* AppDelegate.swift in Sources */ = {isa = PBXBuildFile; fileRef = 705B7D702B419B3B00C0F53C /* AppDelegate.swift */; };
		705B7D732B419B3B00C0F53C /* SceneDelegate.swift in Sources */ = {isa = PBXBuildFile; fileRef = 705B7D722B419B3B00C0F53C /* SceneDelegate.swift */; };
		705B7D7A2B419B3C00C0F53C /* Assets.xcassets in Resources */ = {isa = PBXBuildFile; fileRef = 705B7D792B419B3C00C0F53C /* Assets.xcassets */; };
		705B7D7D2B419B3C00C0F53C /* LaunchScreen.storyboard in Resources */ = {isa = PBXBuildFile; fileRef = 705B7D7B2B419B3C00C0F53C /* LaunchScreen.storyboard */; };
		705B7D8B2B44438600C0F53C /* UIStackView+.swift in Sources */ = {isa = PBXBuildFile; fileRef = 705B7D8A2B44438600C0F53C /* UIStackView+.swift */; };
		705B7D8D2B44439600C0F53C /* UIApplication+.swift in Sources */ = {isa = PBXBuildFile; fileRef = 705B7D8C2B44439600C0F53C /* UIApplication+.swift */; };
		705B7D8F2B4443DE00C0F53C /* UIScrollView+.swift in Sources */ = {isa = PBXBuildFile; fileRef = 705B7D8E2B4443DE00C0F53C /* UIScrollView+.swift */; };
		705B7D912B44444E00C0F53C /* CGFloat+.swift in Sources */ = {isa = PBXBuildFile; fileRef = 705B7D902B44444E00C0F53C /* CGFloat+.swift */; };
		705B7D932B44445D00C0F53C /* String+.swift in Sources */ = {isa = PBXBuildFile; fileRef = 705B7D922B44445D00C0F53C /* String+.swift */; };
		705B7D952B4444AD00C0F53C /* AfterProtocol.swift in Sources */ = {isa = PBXBuildFile; fileRef = 705B7D942B4444AD00C0F53C /* AfterProtocol.swift */; };
		705B7D992B4447EC00C0F53C /* TabBarController.swift in Sources */ = {isa = PBXBuildFile; fileRef = 705B7D982B4447EC00C0F53C /* TabBarController.swift */; };
		705B7D9B2B4449D500C0F53C /* UIEdgeInsets+.swift in Sources */ = {isa = PBXBuildFile; fileRef = 705B7D9A2B4449D500C0F53C /* UIEdgeInsets+.swift */; };
		705B7D9D2B444D4600C0F53C /* UINavigationController+.swift in Sources */ = {isa = PBXBuildFile; fileRef = 705B7D9C2B444D4600C0F53C /* UINavigationController+.swift */; };
		705B7DA02B444DD500C0F53C /* AnyCoordinator.swift in Sources */ = {isa = PBXBuildFile; fileRef = 705B7D9F2B444DD500C0F53C /* AnyCoordinator.swift */; };
		705B7DA22B444E1C00C0F53C /* Coordinator.swift in Sources */ = {isa = PBXBuildFile; fileRef = 705B7DA12B444E1C00C0F53C /* Coordinator.swift */; };
		705B7DA52B44527A00C0F53C /* AppCoordinator.swift in Sources */ = {isa = PBXBuildFile; fileRef = 705B7DA42B44527A00C0F53C /* AppCoordinator.swift */; };
		705B7DA82B446EB900C0F53C /* SplashCoordinator.swift in Sources */ = {isa = PBXBuildFile; fileRef = 705B7DA72B446EB900C0F53C /* SplashCoordinator.swift */; };
		705B7DAB2B44708E00C0F53C /* MainCoordinator.swift in Sources */ = {isa = PBXBuildFile; fileRef = 705B7DAA2B44708E00C0F53C /* MainCoordinator.swift */; };
		70B9A9F22B45932D0068A3E8 /* DevelopmentConfiguration.xcconfig in Resources */ = {isa = PBXBuildFile; fileRef = 70B9A9F12B45932D0068A3E8 /* DevelopmentConfiguration.xcconfig */; };
		70B9A9F42B45933A0068A3E8 /* ProductionConfiguration.xcconfig in Resources */ = {isa = PBXBuildFile; fileRef = 70B9A9F32B45933A0068A3E8 /* ProductionConfiguration.xcconfig */; };
		70B9A9F72B4593680068A3E8 /* User.swift in Sources */ = {isa = PBXBuildFile; fileRef = 70B9A9F62B4593680068A3E8 /* User.swift */; };
		70B9A9F92B4593720068A3E8 /* AuthType.swift in Sources */ = {isa = PBXBuildFile; fileRef = 70B9A9F82B4593720068A3E8 /* AuthType.swift */; };
		70B9A9FB2B45938B0068A3E8 /* Environment.swift in Sources */ = {isa = PBXBuildFile; fileRef = 70B9A9FA2B45938B0068A3E8 /* Environment.swift */; };
/* End PBXBuildFile section */

/* Begin PBXFileReference section */
		705B7D6D2B419B3B00C0F53C /* Nodal.app */ = {isa = PBXFileReference; explicitFileType = wrapper.application; includeInIndex = 0; path = Nodal.app; sourceTree = BUILT_PRODUCTS_DIR; };
		705B7D702B419B3B00C0F53C /* AppDelegate.swift */ = {isa = PBXFileReference; lastKnownFileType = sourcecode.swift; path = AppDelegate.swift; sourceTree = "<group>"; };
		705B7D722B419B3B00C0F53C /* SceneDelegate.swift */ = {isa = PBXFileReference; lastKnownFileType = sourcecode.swift; path = SceneDelegate.swift; sourceTree = "<group>"; };
		705B7D792B419B3C00C0F53C /* Assets.xcassets */ = {isa = PBXFileReference; lastKnownFileType = folder.assetcatalog; path = Assets.xcassets; sourceTree = "<group>"; };
		705B7D7C2B419B3C00C0F53C /* Base */ = {isa = PBXFileReference; lastKnownFileType = file.storyboard; name = Base; path = Base.lproj/LaunchScreen.storyboard; sourceTree = "<group>"; };
		705B7D7E2B419B3C00C0F53C /* Info.plist */ = {isa = PBXFileReference; lastKnownFileType = text.plist.xml; path = Info.plist; sourceTree = "<group>"; };
		705B7D8A2B44438600C0F53C /* UIStackView+.swift */ = {isa = PBXFileReference; lastKnownFileType = sourcecode.swift; path = "UIStackView+.swift"; sourceTree = "<group>"; };
		705B7D8C2B44439600C0F53C /* UIApplication+.swift */ = {isa = PBXFileReference; lastKnownFileType = sourcecode.swift; path = "UIApplication+.swift"; sourceTree = "<group>"; };
		705B7D8E2B4443DE00C0F53C /* UIScrollView+.swift */ = {isa = PBXFileReference; lastKnownFileType = sourcecode.swift; path = "UIScrollView+.swift"; sourceTree = "<group>"; };
		705B7D902B44444E00C0F53C /* CGFloat+.swift */ = {isa = PBXFileReference; lastKnownFileType = sourcecode.swift; path = "CGFloat+.swift"; sourceTree = "<group>"; };
		705B7D922B44445D00C0F53C /* String+.swift */ = {isa = PBXFileReference; lastKnownFileType = sourcecode.swift; path = "String+.swift"; sourceTree = "<group>"; };
		705B7D942B4444AD00C0F53C /* AfterProtocol.swift */ = {isa = PBXFileReference; lastKnownFileType = sourcecode.swift; path = AfterProtocol.swift; sourceTree = "<group>"; };
		705B7D982B4447EC00C0F53C /* TabBarController.swift */ = {isa = PBXFileReference; lastKnownFileType = sourcecode.swift; path = TabBarController.swift; sourceTree = "<group>"; };
		705B7D9A2B4449D500C0F53C /* UIEdgeInsets+.swift */ = {isa = PBXFileReference; lastKnownFileType = sourcecode.swift; path = "UIEdgeInsets+.swift"; sourceTree = "<group>"; };
		705B7D9C2B444D4600C0F53C /* UINavigationController+.swift */ = {isa = PBXFileReference; lastKnownFileType = sourcecode.swift; path = "UINavigationController+.swift"; sourceTree = "<group>"; };
		705B7D9F2B444DD500C0F53C /* AnyCoordinator.swift */ = {isa = PBXFileReference; lastKnownFileType = sourcecode.swift; path = AnyCoordinator.swift; sourceTree = "<group>"; };
		705B7DA12B444E1C00C0F53C /* Coordinator.swift */ = {isa = PBXFileReference; lastKnownFileType = sourcecode.swift; path = Coordinator.swift; sourceTree = "<group>"; };
		705B7DA42B44527A00C0F53C /* AppCoordinator.swift */ = {isa = PBXFileReference; lastKnownFileType = sourcecode.swift; path = AppCoordinator.swift; sourceTree = "<group>"; };
		705B7DA72B446EB900C0F53C /* SplashCoordinator.swift */ = {isa = PBXFileReference; lastKnownFileType = sourcecode.swift; path = SplashCoordinator.swift; sourceTree = "<group>"; };
		705B7DAA2B44708E00C0F53C /* MainCoordinator.swift */ = {isa = PBXFileReference; lastKnownFileType = sourcecode.swift; path = MainCoordinator.swift; sourceTree = "<group>"; };
		70B9A9F12B45932D0068A3E8 /* DevelopmentConfiguration.xcconfig */ = {isa = PBXFileReference; lastKnownFileType = text.xcconfig; path = DevelopmentConfiguration.xcconfig; sourceTree = "<group>"; };
		70B9A9F32B45933A0068A3E8 /* ProductionConfiguration.xcconfig */ = {isa = PBXFileReference; lastKnownFileType = text.xcconfig; path = ProductionConfiguration.xcconfig; sourceTree = "<group>"; };
		70B9A9F62B4593680068A3E8 /* User.swift */ = {isa = PBXFileReference; lastKnownFileType = sourcecode.swift; path = User.swift; sourceTree = "<group>"; };
		70B9A9F82B4593720068A3E8 /* AuthType.swift */ = {isa = PBXFileReference; lastKnownFileType = sourcecode.swift; path = AuthType.swift; sourceTree = "<group>"; };
		70B9A9FA2B45938B0068A3E8 /* Environment.swift */ = {isa = PBXFileReference; lastKnownFileType = sourcecode.swift; path = Environment.swift; sourceTree = "<group>"; };
/* End PBXFileReference section */

/* Begin PBXFrameworksBuildPhase section */
		705B7D6A2B419B3B00C0F53C /* Frameworks */ = {
			isa = PBXFrameworksBuildPhase;
			buildActionMask = 2147483647;
			files = (
			);
			runOnlyForDeploymentPostprocessing = 0;
		};
/* End PBXFrameworksBuildPhase section */

/* Begin PBXGroup section */
		705B7D642B419B3B00C0F53C = {
			isa = PBXGroup;
			children = (
				705B7D6F2B419B3B00C0F53C /* Nodal */,
				705B7D6E2B419B3B00C0F53C /* Products */,
			);
			sourceTree = "<group>";
		};
		705B7D6E2B419B3B00C0F53C /* Products */ = {
			isa = PBXGroup;
			children = (
				705B7D6D2B419B3B00C0F53C /* Nodal.app */,
			);
			name = Products;
			sourceTree = "<group>";
		};
		705B7D6F2B419B3B00C0F53C /* Nodal */ = {
			isa = PBXGroup;
			children = (
				705B7D862B419BEE00C0F53C /* Sources */,
				705B7D852B419BA200C0F53C /* Resources */,
			);
			path = Nodal;
			sourceTree = "<group>";
		};
		705B7D852B419BA200C0F53C /* Resources */ = {
			isa = PBXGroup;
			children = (
				705B7D792B419B3C00C0F53C /* Assets.xcassets */,
				705B7D7B2B419B3C00C0F53C /* LaunchScreen.storyboard */,
				705B7D7E2B419B3C00C0F53C /* Info.plist */,
			);
			path = Resources;
			sourceTree = "<group>";
		};
		705B7D862B419BEE00C0F53C /* Sources */ = {
			isa = PBXGroup;
			children = (
				70B9A9F52B4593530068A3E8 /* Models */,
				70B9A9F02B4593170068A3E8 /* Configurations */,
				705B7DA32B44524500C0F53C /* Application */,
				705B7D962B44479500C0F53C /* Streams */,
				705B7D872B44434800C0F53C /* Extensions */,
			);
			path = Sources;
			sourceTree = "<group>";
		};
		705B7D872B44434800C0F53C /* Extensions */ = {
			isa = PBXGroup;
			children = (
				705B7D942B4444AD00C0F53C /* AfterProtocol.swift */,
				705B7D892B44436D00C0F53C /* UIKit */,
				705B7D882B44435300C0F53C /* Foundation */,
			);
			path = Extensions;
			sourceTree = "<group>";
		};
		705B7D882B44435300C0F53C /* Foundation */ = {
			isa = PBXGroup;
			children = (
				705B7D902B44444E00C0F53C /* CGFloat+.swift */,
				705B7D922B44445D00C0F53C /* String+.swift */,
			);
			path = Foundation;
			sourceTree = "<group>";
		};
		705B7D892B44436D00C0F53C /* UIKit */ = {
			isa = PBXGroup;
			children = (
				705B7D8A2B44438600C0F53C /* UIStackView+.swift */,
				705B7D8C2B44439600C0F53C /* UIApplication+.swift */,
				705B7D8E2B4443DE00C0F53C /* UIScrollView+.swift */,
				705B7D9A2B4449D500C0F53C /* UIEdgeInsets+.swift */,
				705B7D9C2B444D4600C0F53C /* UINavigationController+.swift */,
			);
			path = UIKit;
			sourceTree = "<group>";
		};
		705B7D962B44479500C0F53C /* Streams */ = {
			isa = PBXGroup;
			children = (
				705B7DA92B44708000C0F53C /* Main */,
				705B7DA62B446EA300C0F53C /* Splash */,
				705B7D9E2B444DB500C0F53C /* Coordinator */,
				705B7D972B4447C800C0F53C /* Common */,
			);
			path = Streams;
			sourceTree = "<group>";
		};
		705B7D972B4447C800C0F53C /* Common */ = {
			isa = PBXGroup;
			children = (
				705B7D982B4447EC00C0F53C /* TabBarController.swift */,
			);
			path = Common;
			sourceTree = "<group>";
		};
		705B7D9E2B444DB500C0F53C /* Coordinator */ = {
			isa = PBXGroup;
			children = (
				705B7D9F2B444DD500C0F53C /* AnyCoordinator.swift */,
				705B7DA12B444E1C00C0F53C /* Coordinator.swift */,
			);
			path = Coordinator;
			sourceTree = "<group>";
		};
		705B7DA32B44524500C0F53C /* Application */ = {
			isa = PBXGroup;
			children = (
				705B7D702B419B3B00C0F53C /* AppDelegate.swift */,
				705B7D722B419B3B00C0F53C /* SceneDelegate.swift */,
				705B7DA42B44527A00C0F53C /* AppCoordinator.swift */,
			);
			path = Application;
			sourceTree = "<group>";
		};
		705B7DA62B446EA300C0F53C /* Splash */ = {
			isa = PBXGroup;
			children = (
				705B7DA72B446EB900C0F53C /* SplashCoordinator.swift */,
			);
			path = Splash;
			sourceTree = "<group>";
		};
		705B7DA92B44708000C0F53C /* Main */ = {
			isa = PBXGroup;
			children = (
				705B7DAA2B44708E00C0F53C /* MainCoordinator.swift */,
			);
			path = Main;
			sourceTree = "<group>";
		};
		70B9A9F02B4593170068A3E8 /* Configurations */ = {
			isa = PBXGroup;
			children = (
				70B9A9F12B45932D0068A3E8 /* DevelopmentConfiguration.xcconfig */,
				70B9A9F32B45933A0068A3E8 /* ProductionConfiguration.xcconfig */,
				70B9A9FA2B45938B0068A3E8 /* Environment.swift */,
			);
			path = Configurations;
			sourceTree = "<group>";
		};
		70B9A9F52B4593530068A3E8 /* Models */ = {
			isa = PBXGroup;
			children = (
				70B9A9F62B4593680068A3E8 /* User.swift */,
				70B9A9F82B4593720068A3E8 /* AuthType.swift */,
			);
			path = Models;
			sourceTree = "<group>";
		};
/* End PBXGroup section */

/* Begin PBXNativeTarget section */
		705B7D6C2B419B3B00C0F53C /* Nodal */ = {
			isa = PBXNativeTarget;
			buildConfigurationList = 705B7D812B419B3C00C0F53C /* Build configuration list for PBXNativeTarget "Nodal" */;
			buildPhases = (
				705B7D692B419B3B00C0F53C /* Sources */,
				705B7D6A2B419B3B00C0F53C /* Frameworks */,
				705B7D6B2B419B3B00C0F53C /* Resources */,
			);
			buildRules = (
			);
			dependencies = (
			);
			name = Nodal;
			productName = Nodal;
			productReference = 705B7D6D2B419B3B00C0F53C /* Nodal.app */;
			productType = "com.apple.product-type.application";
		};
/* End PBXNativeTarget section */

/* Begin PBXProject section */
		705B7D652B419B3B00C0F53C /* Project object */ = {
			isa = PBXProject;
			attributes = {
				BuildIndependentTargetsInParallel = 1;
				LastSwiftUpdateCheck = 1500;
				LastUpgradeCheck = 1500;
				TargetAttributes = {
					705B7D6C2B419B3B00C0F53C = {
						CreatedOnToolsVersion = 15.0;
					};
				};
			};
			buildConfigurationList = 705B7D682B419B3B00C0F53C /* Build configuration list for PBXProject "Nodal" */;
			compatibilityVersion = "Xcode 14.0";
			developmentRegion = en;
			hasScannedForEncodings = 0;
			knownRegions = (
				en,
				Base,
			);
			mainGroup = 705B7D642B419B3B00C0F53C;
			productRefGroup = 705B7D6E2B419B3B00C0F53C /* Products */;
			projectDirPath = "";
			projectRoot = "";
			targets = (
				705B7D6C2B419B3B00C0F53C /* Nodal */,
			);
		};
/* End PBXProject section */

/* Begin PBXResourcesBuildPhase section */
		705B7D6B2B419B3B00C0F53C /* Resources */ = {
			isa = PBXResourcesBuildPhase;
			buildActionMask = 2147483647;
			files = (
				70B9A9F42B45933A0068A3E8 /* ProductionConfiguration.xcconfig in Resources */,
				705B7D7D2B419B3C00C0F53C /* LaunchScreen.storyboard in Resources */,
				705B7D7A2B419B3C00C0F53C /* Assets.xcassets in Resources */,
				70B9A9F22B45932D0068A3E8 /* DevelopmentConfiguration.xcconfig in Resources */,
			);
			runOnlyForDeploymentPostprocessing = 0;
		};
/* End PBXResourcesBuildPhase section */

/* Begin PBXSourcesBuildPhase section */
		705B7D692B419B3B00C0F53C /* Sources */ = {
			isa = PBXSourcesBuildPhase;
			buildActionMask = 2147483647;
			files = (
				705B7D9D2B444D4600C0F53C /* UINavigationController+.swift in Sources */,
				705B7D9B2B4449D500C0F53C /* UIEdgeInsets+.swift in Sources */,
				705B7DA22B444E1C00C0F53C /* Coordinator.swift in Sources */,
				705B7D8D2B44439600C0F53C /* UIApplication+.swift in Sources */,
				705B7DA02B444DD500C0F53C /* AnyCoordinator.swift in Sources */,
				705B7D712B419B3B00C0F53C /* AppDelegate.swift in Sources */,
				705B7DA52B44527A00C0F53C /* AppCoordinator.swift in Sources */,
				70B9A9F72B4593680068A3E8 /* User.swift in Sources */,
				705B7D952B4444AD00C0F53C /* AfterProtocol.swift in Sources */,
				705B7D992B4447EC00C0F53C /* TabBarController.swift in Sources */,
				705B7DAB2B44708E00C0F53C /* MainCoordinator.swift in Sources */,
				705B7DA82B446EB900C0F53C /* SplashCoordinator.swift in Sources */,
				705B7D8F2B4443DE00C0F53C /* UIScrollView+.swift in Sources */,
				705B7D8B2B44438600C0F53C /* UIStackView+.swift in Sources */,
				705B7D912B44444E00C0F53C /* CGFloat+.swift in Sources */,
				70B9A9FB2B45938B0068A3E8 /* Environment.swift in Sources */,
				70B9A9F92B4593720068A3E8 /* AuthType.swift in Sources */,
				705B7D932B44445D00C0F53C /* String+.swift in Sources */,
				705B7D732B419B3B00C0F53C /* SceneDelegate.swift in Sources */,
			);
			runOnlyForDeploymentPostprocessing = 0;
		};
/* End PBXSourcesBuildPhase section */

/* Begin PBXVariantGroup section */
		705B7D7B2B419B3C00C0F53C /* LaunchScreen.storyboard */ = {
			isa = PBXVariantGroup;
			children = (
				705B7D7C2B419B3C00C0F53C /* Base */,
			);
			name = LaunchScreen.storyboard;
			sourceTree = "<group>";
		};
/* End PBXVariantGroup section */

/* Begin XCBuildConfiguration section */
		705B7D7F2B419B3C00C0F53C /* Development */ = {
			isa = XCBuildConfiguration;
			baseConfigurationReference = 70B9A9F12B45932D0068A3E8 /* DevelopmentConfiguration.xcconfig */;
			buildSettings = {
				ALWAYS_SEARCH_USER_PATHS = NO;
				ASSETCATALOG_COMPILER_GENERATE_SWIFT_ASSET_SYMBOL_EXTENSIONS = YES;
				CLANG_ANALYZER_NONNULL = YES;
				CLANG_ANALYZER_NUMBER_OBJECT_CONVERSION = YES_AGGRESSIVE;
				CLANG_CXX_LANGUAGE_STANDARD = "gnu++20";
				CLANG_ENABLE_MODULES = YES;
				CLANG_ENABLE_OBJC_ARC = YES;
				CLANG_ENABLE_OBJC_WEAK = YES;
				CLANG_WARN_BLOCK_CAPTURE_AUTORELEASING = YES;
				CLANG_WARN_BOOL_CONVERSION = YES;
				CLANG_WARN_COMMA = YES;
				CLANG_WARN_CONSTANT_CONVERSION = YES;
				CLANG_WARN_DEPRECATED_OBJC_IMPLEMENTATIONS = YES;
				CLANG_WARN_DIRECT_OBJC_ISA_USAGE = YES_ERROR;
				CLANG_WARN_DOCUMENTATION_COMMENTS = YES;
				CLANG_WARN_EMPTY_BODY = YES;
				CLANG_WARN_ENUM_CONVERSION = YES;
				CLANG_WARN_INFINITE_RECURSION = YES;
				CLANG_WARN_INT_CONVERSION = YES;
				CLANG_WARN_NON_LITERAL_NULL_CONVERSION = YES;
				CLANG_WARN_OBJC_IMPLICIT_RETAIN_SELF = YES;
				CLANG_WARN_OBJC_LITERAL_CONVERSION = YES;
				CLANG_WARN_OBJC_ROOT_CLASS = YES_ERROR;
				CLANG_WARN_QUOTED_INCLUDE_IN_FRAMEWORK_HEADER = YES;
				CLANG_WARN_RANGE_LOOP_ANALYSIS = YES;
				CLANG_WARN_STRICT_PROTOTYPES = YES;
				CLANG_WARN_SUSPICIOUS_MOVE = YES;
				CLANG_WARN_UNGUARDED_AVAILABILITY = YES_AGGRESSIVE;
				CLANG_WARN_UNREACHABLE_CODE = YES;
				CLANG_WARN__DUPLICATE_METHOD_MATCH = YES;
				COPY_PHASE_STRIP = NO;
				DEBUG_INFORMATION_FORMAT = dwarf;
				ENABLE_STRICT_OBJC_MSGSEND = YES;
				ENABLE_TESTABILITY = YES;
				ENABLE_USER_SCRIPT_SANDBOXING = YES;
				GCC_C_LANGUAGE_STANDARD = gnu17;
				GCC_DYNAMIC_NO_PIC = NO;
				GCC_NO_COMMON_BLOCKS = YES;
				GCC_OPTIMIZATION_LEVEL = 0;
				GCC_PREPROCESSOR_DEFINITIONS = (
					"DEBUG=1",
					"$(inherited)",
				);
				GCC_WARN_64_TO_32_BIT_CONVERSION = YES;
				GCC_WARN_ABOUT_RETURN_TYPE = YES_ERROR;
				GCC_WARN_UNDECLARED_SELECTOR = YES;
				GCC_WARN_UNINITIALIZED_AUTOS = YES_AGGRESSIVE;
				GCC_WARN_UNUSED_FUNCTION = YES;
				GCC_WARN_UNUSED_VARIABLE = YES;
				IPHONEOS_DEPLOYMENT_TARGET = 15.0;
				LOCALIZATION_PREFERS_STRING_CATALOGS = YES;
				MTL_ENABLE_DEBUG_INFO = INCLUDE_SOURCE;
				MTL_FAST_MATH = YES;
				ONLY_ACTIVE_ARCH = YES;
				SDKROOT = iphoneos;
				SWIFT_ACTIVE_COMPILATION_CONDITIONS = "DEBUG $(inherited)";
				SWIFT_OPTIMIZATION_LEVEL = "-Onone";
			};
			name = Development;
		};
		705B7D802B419B3C00C0F53C /* Production */ = {
			isa = XCBuildConfiguration;
			baseConfigurationReference = 70B9A9F32B45933A0068A3E8 /* ProductionConfiguration.xcconfig */;
			buildSettings = {
				ALWAYS_SEARCH_USER_PATHS = NO;
				ASSETCATALOG_COMPILER_GENERATE_SWIFT_ASSET_SYMBOL_EXTENSIONS = YES;
				CLANG_ANALYZER_NONNULL = YES;
				CLANG_ANALYZER_NUMBER_OBJECT_CONVERSION = YES_AGGRESSIVE;
				CLANG_CXX_LANGUAGE_STANDARD = "gnu++20";
				CLANG_ENABLE_MODULES = YES;
				CLANG_ENABLE_OBJC_ARC = YES;
				CLANG_ENABLE_OBJC_WEAK = YES;
				CLANG_WARN_BLOCK_CAPTURE_AUTORELEASING = YES;
				CLANG_WARN_BOOL_CONVERSION = YES;
				CLANG_WARN_COMMA = YES;
				CLANG_WARN_CONSTANT_CONVERSION = YES;
				CLANG_WARN_DEPRECATED_OBJC_IMPLEMENTATIONS = YES;
				CLANG_WARN_DIRECT_OBJC_ISA_USAGE = YES_ERROR;
				CLANG_WARN_DOCUMENTATION_COMMENTS = YES;
				CLANG_WARN_EMPTY_BODY = YES;
				CLANG_WARN_ENUM_CONVERSION = YES;
				CLANG_WARN_INFINITE_RECURSION = YES;
				CLANG_WARN_INT_CONVERSION = YES;
				CLANG_WARN_NON_LITERAL_NULL_CONVERSION = YES;
				CLANG_WARN_OBJC_IMPLICIT_RETAIN_SELF = YES;
				CLANG_WARN_OBJC_LITERAL_CONVERSION = YES;
				CLANG_WARN_OBJC_ROOT_CLASS = YES_ERROR;
				CLANG_WARN_QUOTED_INCLUDE_IN_FRAMEWORK_HEADER = YES;
				CLANG_WARN_RANGE_LOOP_ANALYSIS = YES;
				CLANG_WARN_STRICT_PROTOTYPES = YES;
				CLANG_WARN_SUSPICIOUS_MOVE = YES;
				CLANG_WARN_UNGUARDED_AVAILABILITY = YES_AGGRESSIVE;
				CLANG_WARN_UNREACHABLE_CODE = YES;
				CLANG_WARN__DUPLICATE_METHOD_MATCH = YES;
				COPY_PHASE_STRIP = NO;
				DEBUG_INFORMATION_FORMAT = "dwarf-with-dsym";
				ENABLE_NS_ASSERTIONS = NO;
				ENABLE_STRICT_OBJC_MSGSEND = YES;
				ENABLE_USER_SCRIPT_SANDBOXING = YES;
				GCC_C_LANGUAGE_STANDARD = gnu17;
				GCC_NO_COMMON_BLOCKS = YES;
				GCC_WARN_64_TO_32_BIT_CONVERSION = YES;
				GCC_WARN_ABOUT_RETURN_TYPE = YES_ERROR;
				GCC_WARN_UNDECLARED_SELECTOR = YES;
				GCC_WARN_UNINITIALIZED_AUTOS = YES_AGGRESSIVE;
				GCC_WARN_UNUSED_FUNCTION = YES;
				GCC_WARN_UNUSED_VARIABLE = YES;
				IPHONEOS_DEPLOYMENT_TARGET = 15.0;
				LOCALIZATION_PREFERS_STRING_CATALOGS = YES;
				MTL_ENABLE_DEBUG_INFO = NO;
				MTL_FAST_MATH = YES;
				SDKROOT = iphoneos;
				SWIFT_COMPILATION_MODE = wholemodule;
				VALIDATE_PRODUCT = YES;
			};
			name = Production;
		};
		705B7D822B419B3C00C0F53C /* Development */ = {
			isa = XCBuildConfiguration;
			baseConfigurationReference = 70B9A9F12B45932D0068A3E8 /* DevelopmentConfiguration.xcconfig */;
			buildSettings = {
				ASSETCATALOG_COMPILER_APPICON_NAME = AppIcon;
				CODE_SIGN_STYLE = Automatic;
				CURRENT_PROJECT_VERSION = 1;
				DEVELOPMENT_TEAM = U96PRYKKJ4;
				GENERATE_INFOPLIST_FILE = YES;
				INFOPLIST_FILE = Nodal/Resources/Info.plist;
				INFOPLIST_KEY_UIApplicationSupportsIndirectInputEvents = YES;
				INFOPLIST_KEY_UILaunchStoryboardName = LaunchScreen.storyboard;
				INFOPLIST_KEY_UISupportedInterfaceOrientations_iPad = "UIInterfaceOrientationPortrait UIInterfaceOrientationPortraitUpsideDown UIInterfaceOrientationLandscapeLeft UIInterfaceOrientationLandscapeRight";
				INFOPLIST_KEY_UISupportedInterfaceOrientations_iPhone = "UIInterfaceOrientationPortrait UIInterfaceOrientationLandscapeLeft UIInterfaceOrientationLandscapeRight";
				IPHONEOS_DEPLOYMENT_TARGET = 15.0;
				LD_RUNPATH_SEARCH_PATHS = (
					"$(inherited)",
					"@executable_path/Frameworks",
				);
				MARKETING_VERSION = 1.0;
				PRODUCT_BUNDLE_IDENTIFIER = Nodal.Nodal;
				PRODUCT_NAME = "$(TARGET_NAME)";
				SWIFT_EMIT_LOC_STRINGS = YES;
				SWIFT_VERSION = 5.0;
				TARGETED_DEVICE_FAMILY = "1,2";
			};
			name = Development;
		};
		705B7D832B419B3C00C0F53C /* Production */ = {
			isa = XCBuildConfiguration;
			baseConfigurationReference = 70B9A9F32B45933A0068A3E8 /* ProductionConfiguration.xcconfig */;
			buildSettings = {
				ASSETCATALOG_COMPILER_APPICON_NAME = AppIcon;
				CODE_SIGN_STYLE = Automatic;
				CURRENT_PROJECT_VERSION = 1;
				DEVELOPMENT_TEAM = U96PRYKKJ4;
				GENERATE_INFOPLIST_FILE = YES;
				INFOPLIST_FILE = Nodal/Resources/Info.plist;
				INFOPLIST_KEY_UIApplicationSupportsIndirectInputEvents = YES;
				INFOPLIST_KEY_UILaunchStoryboardName = LaunchScreen.storyboard;
				INFOPLIST_KEY_UISupportedInterfaceOrientations_iPad = "UIInterfaceOrientationPortrait UIInterfaceOrientationPortraitUpsideDown UIInterfaceOrientationLandscapeLeft UIInterfaceOrientationLandscapeRight";
				INFOPLIST_KEY_UISupportedInterfaceOrientations_iPhone = "UIInterfaceOrientationPortrait UIInterfaceOrientationLandscapeLeft UIInterfaceOrientationLandscapeRight";
				IPHONEOS_DEPLOYMENT_TARGET = 15.0;
				LD_RUNPATH_SEARCH_PATHS = (
					"$(inherited)",
					"@executable_path/Frameworks",
				);
				MARKETING_VERSION = 1.0;
				PRODUCT_BUNDLE_IDENTIFIER = Nodal.Nodal;
				PRODUCT_NAME = "$(TARGET_NAME)";
				SWIFT_EMIT_LOC_STRINGS = YES;
				SWIFT_VERSION = 5.0;
				TARGETED_DEVICE_FAMILY = "1,2";
			};
			name = Production;
		};
/* End XCBuildConfiguration section */

/* Begin XCConfigurationList section */
		705B7D682B419B3B00C0F53C /* Build configuration list for PBXProject "Nodal" */ = {
			isa = XCConfigurationList;
			buildConfigurations = (
				705B7D7F2B419B3C00C0F53C /* Development */,
				705B7D802B419B3C00C0F53C /* Production */,
			);
			defaultConfigurationIsVisible = 0;
			defaultConfigurationName = Production;
		};
		705B7D812B419B3C00C0F53C /* Build configuration list for PBXNativeTarget "Nodal" */ = {
			isa = XCConfigurationList;
			buildConfigurations = (
				705B7D822B419B3C00C0F53C /* Development */,
				705B7D832B419B3C00C0F53C /* Production */,
			);
			defaultConfigurationIsVisible = 0;
			defaultConfigurationName = Production;
		};
/* End XCConfigurationList section */
	};
	rootObject = 705B7D652B419B3B00C0F53C /* Project object */;
}
